// !$*UTF8*$!
{
	archiveVersion = 1;
	classes = {
	};
	objectVersion = 50;
	objects = {

/* Begin PBXBuildFile section */
		B95325542701B946006B2DD3 /* janken_poiApp.swift in Sources */ = {isa = PBXBuildFile; fileRef = B95325412701B943006B2DD3 /* janken_poiApp.swift */; };
		B95325552701B946006B2DD3 /* janken_poiApp.swift in Sources */ = {isa = PBXBuildFile; fileRef = B95325412701B943006B2DD3 /* janken_poiApp.swift */; };
		B95325562701B946006B2DD3 /* ContentView.swift in Sources */ = {isa = PBXBuildFile; fileRef = B95325422701B943006B2DD3 /* ContentView.swift */; };
		B95325572701B946006B2DD3 /* ContentView.swift in Sources */ = {isa = PBXBuildFile; fileRef = B95325422701B943006B2DD3 /* ContentView.swift */; };
		B95325582701B946006B2DD3 /* Assets.xcassets in Resources */ = {isa = PBXBuildFile; fileRef = B95325432701B945006B2DD3 /* Assets.xcassets */; };
		B95325592701B946006B2DD3 /* Assets.xcassets in Resources */ = {isa = PBXBuildFile; fileRef = B95325432701B945006B2DD3 /* Assets.xcassets */; };
/* End PBXBuildFile section */

/* Begin PBXFileReference section */
		B95325412701B943006B2DD3 /* janken_poiApp.swift */ = {isa = PBXFileReference; lastKnownFileType = sourcecode.swift; path = janken_poiApp.swift; sourceTree = "<group>"; };
		B95325422701B943006B2DD3 /* ContentView.swift */ = {isa = PBXFileReference; lastKnownFileType = sourcecode.swift; path = ContentView.swift; sourceTree = "<group>"; };
		B95325432701B945006B2DD3 /* Assets.xcassets */ = {isa = PBXFileReference; lastKnownFileType = folder.assetcatalog; path = Assets.xcassets; sourceTree = "<group>"; };
		B95325482701B946006B2DD3 /* janken_poi.app */ = {isa = PBXFileReference; explicitFileType = wrapper.application; includeInIndex = 0; path = janken_poi.app; sourceTree = BUILT_PRODUCTS_DIR; };
		B953254B2701B946006B2DD3 /* Info.plist */ = {isa = PBXFileReference; lastKnownFileType = text.plist.xml; path = Info.plist; sourceTree = "<group>"; };
		B95325502701B946006B2DD3 /* janken_poi.app */ = {isa = PBXFileReference; explicitFileType = wrapper.application; includeInIndex = 0; path = janken_poi.app; sourceTree = BUILT_PRODUCTS_DIR; };
		B95325522701B946006B2DD3 /* Info.plist */ = {isa = PBXFileReference; lastKnownFileType = text.plist.xml; path = Info.plist; sourceTree = "<group>"; };
		B95325532701B946006B2DD3 /* macOS.entitlements */ = {isa = PBXFileReference; lastKnownFileType = text.plist.entitlements; path = macOS.entitlements; sourceTree = "<group>"; };
/* End PBXFileReference section */

/* Begin PBXFrameworksBuildPhase section */
		B95325452701B946006B2DD3 /* Frameworks */ = {
			isa = PBXFrameworksBuildPhase;
			buildActionMask = 2147483647;
			files = (
			);
			runOnlyForDeploymentPostprocessing = 0;
		};
		B953254D2701B946006B2DD3 /* Frameworks */ = {
			isa = PBXFrameworksBuildPhase;
			buildActionMask = 2147483647;
			files = (
			);
			runOnlyForDeploymentPostprocessing = 0;
		};
/* End PBXFrameworksBuildPhase section */

/* Begin PBXGroup section */
		B953253B2701B943006B2DD3 = {
			isa = PBXGroup;
			children = (
				B95325402701B943006B2DD3 /* Shared */,
				B953254A2701B946006B2DD3 /* iOS */,
				B95325512701B946006B2DD3 /* macOS */,
				B95325492701B946006B2DD3 /* Products */,
			);
			sourceTree = "<group>";
		};
		B95325402701B943006B2DD3 /* Shared */ = {
			isa = PBXGroup;
			children = (
				B95325412701B943006B2DD3 /* janken_poiApp.swift */,
				B95325422701B943006B2DD3 /* ContentView.swift */,
				B95325432701B945006B2DD3 /* Assets.xcassets */,
			);
			path = Shared;
			sourceTree = "<group>";
		};
		B95325492701B946006B2DD3 /* Products */ = {
			isa = PBXGroup;
			children = (
				B95325482701B946006B2DD3 /* janken_poi.app */,
				B95325502701B946006B2DD3 /* janken_poi.app */,
			);
			name = Products;
			sourceTree = "<group>";
		};
		B953254A2701B946006B2DD3 /* iOS */ = {
			isa = PBXGroup;
			children = (
				B953254B2701B946006B2DD3 /* Info.plist */,
			);
			path = iOS;
			sourceTree = "<group>";
		};
		B95325512701B946006B2DD3 /* macOS */ = {
			isa = PBXGroup;
			children = (
				B95325522701B946006B2DD3 /* Info.plist */,
				B95325532701B946006B2DD3 /* macOS.entitlements */,
			);
			path = macOS;
			sourceTree = "<group>";
		};
/* End PBXGroup section */

/* Begin PBXNativeTarget section */
		B95325472701B946006B2DD3 /* janken_poi (iOS) */ = {
			isa = PBXNativeTarget;
			buildConfigurationList = B953255C2701B946006B2DD3 /* Build configuration list for PBXNativeTarget "janken_poi (iOS)" */;
			buildPhases = (
				B95325442701B946006B2DD3 /* Sources */,
				B95325452701B946006B2DD3 /* Frameworks */,
				B95325462701B946006B2DD3 /* Resources */,
			);
			buildRules = (
			);
			dependencies = (
			);
			name = "janken_poi (iOS)";
			productName = "janken_poi (iOS)";
			productReference = B95325482701B946006B2DD3 /* janken_poi.app */;
			productType = "com.apple.product-type.application";
		};
		B953254F2701B946006B2DD3 /* janken_poi (macOS) */ = {
			isa = PBXNativeTarget;
			buildConfigurationList = B953255F2701B946006B2DD3 /* Build configuration list for PBXNativeTarget "janken_poi (macOS)" */;
			buildPhases = (
				B953254C2701B946006B2DD3 /* Sources */,
				B953254D2701B946006B2DD3 /* Frameworks */,
				B953254E2701B946006B2DD3 /* Resources */,
			);
			buildRules = (
			);
			dependencies = (
			);
			name = "janken_poi (macOS)";
			productName = "janken_poi (macOS)";
			productReference = B95325502701B946006B2DD3 /* janken_poi.app */;
			productType = "com.apple.product-type.application";
		};
/* End PBXNativeTarget section */

/* Begin PBXProject section */
		B953253C2701B943006B2DD3 /* Project object */ = {
			isa = PBXProject;
			attributes = {
				LastSwiftUpdateCheck = 1250;
				LastUpgradeCheck = 1250;
				TargetAttributes = {
					B95325472701B946006B2DD3 = {
						CreatedOnToolsVersion = 12.5.1;
					};
					B953254F2701B946006B2DD3 = {
						CreatedOnToolsVersion = 12.5.1;
					};
				};
			};
			buildConfigurationList = B953253F2701B943006B2DD3 /* Build configuration list for PBXProject "janken_poi" */;
			compatibilityVersion = "Xcode 9.3";
			developmentRegion = en;
			hasScannedForEncodings = 0;
			knownRegions = (
				en,
				Base,
			);
			mainGroup = B953253B2701B943006B2DD3;
			productRefGroup = B95325492701B946006B2DD3 /* Products */;
			projectDirPath = "";
			projectRoot = "";
			targets = (
				B95325472701B946006B2DD3 /* janken_poi (iOS) */,
				B953254F2701B946006B2DD3 /* janken_poi (macOS) */,
			);
		};
/* End PBXProject section */

/* Begin PBXResourcesBuildPhase section */
		B95325462701B946006B2DD3 /* Resources */ = {
			isa = PBXResourcesBuildPhase;
			buildActionMask = 2147483647;
			files = (
				B95325582701B946006B2DD3 /* Assets.xcassets in Resources */,
			);
			runOnlyForDeploymentPostprocessing = 0;
		};
		B953254E2701B946006B2DD3 /* Resources */ = {
			isa = PBXResourcesBuildPhase;
			buildActionMask = 2147483647;
			files = (
				B95325592701B946006B2DD3 /* Assets.xcassets in Resources */,
			);
			runOnlyForDeploymentPostprocessing = 0;
		};
/* End PBXResourcesBuildPhase section */

/* Begin PBXSourcesBuildPhase section */
		B95325442701B946006B2DD3 /* Sources */ = {
			isa = PBXSourcesBuildPhase;
			buildActionMask = 2147483647;
			files = (
				B95325562701B946006B2DD3 /* ContentView.swift in Sources */,
				B95325542701B946006B2DD3 /* janken_poiApp.swift in Sources */,
			);
			runOnlyForDeploymentPostprocessing = 0;
		};
		B953254C2701B946006B2DD3 /* Sources */ = {
			isa = PBXSourcesBuildPhase;
			buildActionMask = 2147483647;
			files = (
				B95325572701B946006B2DD3 /* ContentView.swift in Sources */,
				B95325552701B946006B2DD3 /* janken_poiApp.swift in Sources */,
			);
			runOnlyForDeploymentPostprocessing = 0;
		};
/* End PBXSourcesBuildPhase section */

/* Begin XCBuildConfiguration section */
		B953255A2701B946006B2DD3 /* Debug */ = {
			isa = XCBuildConfiguration;
			buildSettings = {
				ALWAYS_SEARCH_USER_PATHS = NO;
				CLANG_ANALYZER_NONNULL = YES;
				CLANG_ANALYZER_NUMBER_OBJECT_CONVERSION = YES_AGGRESSIVE;
				CLANG_CXX_LANGUAGE_STANDARD = "gnu++14";
				CLANG_CXX_LIBRARY = "libc++";
				CLANG_ENABLE_MODULES = YES;
				CLANG_ENABLE_OBJC_ARC = YES;
				CLANG_ENABLE_OBJC_WEAK = YES;
				CLANG_WARN_BLOCK_CAPTURE_AUTORELEASING = YES;
				CLANG_WARN_BOOL_CONVERSION = YES;
				CLANG_WARN_COMMA = YES;
				CLANG_WARN_CONSTANT_CONVERSION = YES;
				CLANG_WARN_DEPRECATED_OBJC_IMPLEMENTATIONS = YES;
				CLANG_WARN_DIRECT_OBJC_ISA_USAGE = YES_ERROR;
				CLANG_WARN_DOCUMENTATION_COMMENTS = YES;
				CLANG_WARN_EMPTY_BODY = YES;
				CLANG_WARN_ENUM_CONVERSION = YES;
				CLANG_WARN_INFINITE_RECURSION = YES;
				CLANG_WARN_INT_CONVERSION = YES;
				CLANG_WARN_NON_LITERAL_NULL_CONVERSION = YES;
				CLANG_WARN_OBJC_IMPLICIT_RETAIN_SELF = YES;
				CLANG_WARN_OBJC_LITERAL_CONVERSION = YES;
				CLANG_WARN_OBJC_ROOT_CLASS = YES_ERROR;
				CLANG_WARN_QUOTED_INCLUDE_IN_FRAMEWORK_HEADER = YES;
				CLANG_WARN_RANGE_LOOP_ANALYSIS = YES;
				CLANG_WARN_STRICT_PROTOTYPES = YES;
				CLANG_WARN_SUSPICIOUS_MOVE = YES;
				CLANG_WARN_UNGUARDED_AVAILABILITY = YES_AGGRESSIVE;
				CLANG_WARN_UNREACHABLE_CODE = YES;
				CLANG_WARN__DUPLICATE_METHOD_MATCH = YES;
				COPY_PHASE_STRIP = NO;
				DEBUG_INFORMATION_FORMAT = dwarf;
				ENABLE_STRICT_OBJC_MSGSEND = YES;
				ENABLE_TESTABILITY = YES;
				GCC_C_LANGUAGE_STANDARD = gnu11;
				GCC_DYNAMIC_NO_PIC = NO;
				GCC_NO_COMMON_BLOCKS = YES;
				GCC_OPTIMIZATION_LEVEL = 0;
				GCC_PREPROCESSOR_DEFINITIONS = (
					"DEBUG=1",
					"$(inherited)",
				);
				GCC_WARN_64_TO_32_BIT_CONVERSION = YES;
				GCC_WARN_ABOUT_RETURN_TYPE = YES_ERROR;
				GCC_WARN_UNDECLARED_SELECTOR = YES;
				GCC_WARN_UNINITIALIZED_AUTOS = YES_AGGRESSIVE;
				GCC_WARN_UNUSED_FUNCTION = YES;
				GCC_WARN_UNUSED_VARIABLE = YES;
				MTL_ENABLE_DEBUG_INFO = INCLUDE_SOURCE;
				MTL_FAST_MATH = YES;
				ONLY_ACTIVE_ARCH = YES;
				SWIFT_ACTIVE_COMPILATION_CONDITIONS = DEBUG;
				SWIFT_OPTIMIZATION_LEVEL = "-Onone";
			};
			name = Debug;
		};
		B953255B2701B946006B2DD3 /* Release */ = {
			isa = XCBuildConfiguration;
			buildSettings = {
				ALWAYS_SEARCH_USER_PATHS = NO;
				CLANG_ANALYZER_NONNULL = YES;
				CLANG_ANALYZER_NUMBER_OBJECT_CONVERSION = YES_AGGRESSIVE;
				CLANG_CXX_LANGUAGE_STANDARD = "gnu++14";
				CLANG_CXX_LIBRARY = "libc++";
				CLANG_ENABLE_MODULES = YES;
				CLANG_ENABLE_OBJC_ARC = YES;
				CLANG_ENABLE_OBJC_WEAK = YES;
				CLANG_WARN_BLOCK_CAPTURE_AUTORELEASING = YES;
				CLANG_WARN_BOOL_CONVERSION = YES;
				CLANG_WARN_COMMA = YES;
				CLANG_WARN_CONSTANT_CONVERSION = YES;
				CLANG_WARN_DEPRECATED_OBJC_IMPLEMENTATIONS = YES;
				CLANG_WARN_DIRECT_OBJC_ISA_USAGE = YES_ERROR;
				CLANG_WARN_DOCUMENTATION_COMMENTS = YES;
				CLANG_WARN_EMPTY_BODY = YES;
				CLANG_WARN_ENUM_CONVERSION = YES;
				CLANG_WARN_INFINITE_RECURSION = YES;
				CLANG_WARN_INT_CONVERSION = YES;
				CLANG_WARN_NON_LITERAL_NULL_CONVERSION = YES;
				CLANG_WARN_OBJC_IMPLICIT_RETAIN_SELF = YES;
				CLANG_WARN_OBJC_LITERAL_CONVERSION = YES;
				CLANG_WARN_OBJC_ROOT_CLASS = YES_ERROR;
				CLANG_WARN_QUOTED_INCLUDE_IN_FRAMEWORK_HEADER = YES;
				CLANG_WARN_RANGE_LOOP_ANALYSIS = YES;
				CLANG_WARN_STRICT_PROTOTYPES = YES;
				CLANG_WARN_SUSPICIOUS_MOVE = YES;
				CLANG_WARN_UNGUARDED_AVAILABILITY = YES_AGGRESSIVE;
				CLANG_WARN_UNREACHABLE_CODE = YES;
				CLANG_WARN__DUPLICATE_METHOD_MATCH = YES;
				COPY_PHASE_STRIP = NO;
				DEBUG_INFORMATION_FORMAT = "dwarf-with-dsym";
				ENABLE_NS_ASSERTIONS = NO;
				ENABLE_STRICT_OBJC_MSGSEND = YES;
				GCC_C_LANGUAGE_STANDARD = gnu11;
				GCC_NO_COMMON_BLOCKS = YES;
				GCC_WARN_64_TO_32_BIT_CONVERSION = YES;
				GCC_WARN_ABOUT_RETURN_TYPE = YES_ERROR;
				GCC_WARN_UNDECLARED_SELECTOR = YES;
				GCC_WARN_UNINITIALIZED_AUTOS = YES_AGGRESSIVE;
				GCC_WARN_UNUSED_FUNCTION = YES;
				GCC_WARN_UNUSED_VARIABLE = YES;
				MTL_ENABLE_DEBUG_INFO = NO;
				MTL_FAST_MATH = YES;
				SWIFT_COMPILATION_MODE = wholemodule;
				SWIFT_OPTIMIZATION_LEVEL = "-O";
			};
			name = Release;
		};
		B953255D2701B946006B2DD3 /* Debug */ = {
			isa = XCBuildConfiguration;
			buildSettings = {
				ASSETCATALOG_COMPILER_APPICON_NAME = AppIcon;
				ASSETCATALOG_COMPILER_GLOBAL_ACCENT_COLOR_NAME = AccentColor;
				CODE_SIGN_STYLE = Automatic;
				ENABLE_PREVIEWS = YES;
				INFOPLIST_FILE = iOS/Info.plist;
				IPHONEOS_DEPLOYMENT_TARGET = 14.0;
				LD_RUNPATH_SEARCH_PATHS = (
					"$(inherited)",
					"@executable_path/Frameworks",
				);
				PRODUCT_BUNDLE_IDENTIFIER = "nari.fumi.icloud.janken-poi";
				PRODUCT_NAME = janken_poi;
				SDKROOT = iphoneos;
				SWIFT_VERSION = 5.0;
				TARGETED_DEVICE_FAMILY = "1,2";
			};
			name = Debug;
		};
		B953255E2701B946006B2DD3 /* Release */ = {
			isa = XCBuildConfiguration;
			buildSettings = {
				ASSETCATALOG_COMPILER_APPICON_NAME = AppIcon;
				ASSETCATALOG_COMPILER_GLOBAL_ACCENT_COLOR_NAME = AccentColor;
				CODE_SIGN_STYLE = Automatic;
				ENABLE_PREVIEWS = YES;
				INFOPLIST_FILE = iOS/Info.plist;
				IPHONEOS_DEPLOYMENT_TARGET = 14.0;
				LD_RUNPATH_SEARCH_PATHS = (
					"$(inherited)",
					"@executable_path/Frameworks",
				);
				PRODUCT_BUNDLE_IDENTIFIER = "nari.fumi.icloud.janken-poi";
				PRODUCT_NAME = janken_poi;
				SDKROOT = iphoneos;
				SWIFT_VERSION = 5.0;
				TARGETED_DEVICE_FAMILY = "1,2";
				VALIDATE_PRODUCT = YES;
			};
			name = Release;
		};
		B95325602701B946006B2DD3 /* Debug */ = {
			isa = XCBuildConfiguration;
			buildSettings = {
				ASSETCATALOG_COMPILER_APPICON_NAME = AppIcon;
				ASSETCATALOG_COMPILER_GLOBAL_ACCENT_COLOR_NAME = AccentColor;
				CODE_SIGN_ENTITLEMENTS = macOS/macOS.entitlements;
				CODE_SIGN_STYLE = Automatic;
				COMBINE_HIDPI_IMAGES = YES;
				ENABLE_PREVIEWS = YES;
				INFOPLIST_FILE = macOS/Info.plist;
				LD_RUNPATH_SEARCH_PATHS = (
					"$(inherited)",
					"@executable_path/../Frameworks",
				);
				MACOSX_DEPLOYMENT_TARGET = 11.0;
				PRODUCT_BUNDLE_IDENTIFIER = "nari.fumi.icloud.janken-poi";
				PRODUCT_NAME = janken_poi;
				SDKROOT = macosx;
				SWIFT_VERSION = 5.0;
			};
			name = Debug;
		};
		B95325612701B946006B2DD3 /* Release */ = {
			isa = XCBuildConfiguration;
			buildSettings = {
				ASSETCATALOG_COMPILER_APPICON_NAME = AppIcon;
				ASSETCATALOG_COMPILER_GLOBAL_ACCENT_COLOR_NAME = AccentColor;
				CODE_SIGN_ENTITLEMENTS = macOS/macOS.entitlements;
				CODE_SIGN_STYLE = Automatic;
				COMBINE_HIDPI_IMAGES = YES;
				ENABLE_PREVIEWS = YES;
				INFOPLIST_FILE = macOS/Info.plist;
				LD_RUNPATH_SEARCH_PATHS = (
					"$(inherited)",
					"@executable_path/../Frameworks",
				);
				MACOSX_DEPLOYMENT_TARGET = 11.0;
				PRODUCT_BUNDLE_IDENTIFIER = "nari.fumi.icloud.janken-poi";
				PRODUCT_NAME = janken_poi;
				SDKROOT = macosx;
				SWIFT_VERSION = 5.0;
			};
			name = Release;
		};
/* End XCBuildConfiguration section */

/* Begin XCConfigurationList section */
		B953253F2701B943006B2DD3 /* Build configuration list for PBXProject "janken_poi" */ = {
			isa = XCConfigurationList;
			buildConfigurations = (
				B953255A2701B946006B2DD3 /* Debug */,
				B953255B2701B946006B2DD3 /* Release */,
			);
			defaultConfigurationIsVisible = 0;
			defaultConfigurationName = Release;
		};
		B953255C2701B946006B2DD3 /* Build configuration list for PBXNativeTarget "janken_poi (iOS)" */ = {
			isa = XCConfigurationList;
			buildConfigurations = (
				B953255D2701B946006B2DD3 /* Debug */,
				B953255E2701B946006B2DD3 /* Release */,
			);
			defaultConfigurationIsVisible = 0;
			defaultConfigurationName = Release;
		};
		B953255F2701B946006B2DD3 /* Build configuration list for PBXNativeTarget "janken_poi (macOS)" */ = {
			isa = XCConfigurationList;
			buildConfigurations = (
				B95325602701B946006B2DD3 /* Debug */,
				B95325612701B946006B2DD3 /* Release */,
			);
			defaultConfigurationIsVisible = 0;
			defaultConfigurationName = Release;
		};
/* End XCConfigurationList section */
	};
	rootObject = B953253C2701B943006B2DD3 /* Project object */;
}
